package-name: fastrlock
source-code: https://github.com/scoder/fastrlock
license: MIT style
versions:
- version: 0.8.3
  tag: fastrlock-v0.8.3-20260902125649
  files:
  - filename: fastrlock-0.8.3-cp310-cp310-manylinux_2_31_riscv64.manylinux_2_35_riscv64.whl
    sha256: 1526dcbe8896ebdfe62495868f63a6af51914142a57758b323dcee7d9698d144
  - filename: fastrlock-0.8.3-cp311-cp311-manylinux_2_31_riscv64.manylinux_2_35_riscv64.whl
    sha256: aaca91d9c6b424dde07a9944bb6c3e2f73271192d37ae6ab5485aab0745153c0
  - filename: fastrlock-0.8.3-cp312-cp312-manylinux_2_31_riscv64.manylinux_2_35_riscv64.whl
    sha256: 7d73a0c1c7b8d64b794b50adb059ef93ac4ce5d0d22fa5486fee7eb96b6dc231
  - filename: fastrlock-0.8.3-cp313-cp313-manylinux_2_31_riscv64.manylinux_2_35_riscv64.whl
    sha256: a148049a78b3f64f254308346137a669101812ac391f5f8db65e00f39acdaa9c
